// !$*UTF8*$!
{
	archiveVersion = 1;
	classes = {
	};
	objectVersion = 46;
	objects = {

/* Begin PBXBuildFile section */
		32838FC01A6DDCB600399AE8 /* Bounce_1_1Tests.swift in Sources */ = {isa = PBXBuildFile; fileRef = 32838FBF1A6DDCB600399AE8 /* Bounce_1_1Tests.swift */; };
/* End PBXBuildFile section */

/* Begin PBXContainerItemProxy section */
		32838FBA1A6DDCB600399AE8 /* PBXContainerItemProxy */ = {
			isa = PBXContainerItemProxy;
			containerPortal = 32838F9C1A6DDCB600399AE8 /* Project object */;
			proxyType = 1;
			remoteGlobalIDString = 32838FA31A6DDCB600399AE8;
			remoteInfo = "Bounce 1.1";
		};
/* End PBXContainerItemProxy section */

/* Begin PBXFileReference section */
		32838FA41A6DDCB600399AE8 /* Bounce 1.1.app */ = {isa = PBXFileReference; explicitFileType = wrapper.application; includeInIndex = 0; path = "Bounce 1.1.app"; sourceTree = BUILT_PRODUCTS_DIR; };
		32838FB91A6DDCB600399AE8 /* Bounce 1.1Tests.xctest */ = {isa = PBXFileReference; explicitFileType = wrapper.cfbundle; includeInIndex = 0; path = "Bounce 1.1Tests.xctest"; sourceTree = BUILT_PRODUCTS_DIR; };
		32838FBE1A6DDCB600399AE8 /* Info.plist */ = {isa = PBXFileReference; lastKnownFileType = text.plist.xml; path = Info.plist; sourceTree = "<group>"; };
		32838FBF1A6DDCB600399AE8 /* Bounce_1_1Tests.swift */ = {isa = PBXFileReference; lastKnownFileType = sourcecode.swift; path = Bounce_1_1Tests.swift; sourceTree = "<group>"; };
/* End PBXFileReference section */

/* Begin PBXFrameworksBuildPhase section */
		32838FA11A6DDCB600399AE8 /* Frameworks */ = {
			isa = PBXFrameworksBuildPhase;
			buildActionMask = 2147483647;
			files = (
			);
			runOnlyForDeploymentPostprocessing = 0;
		};
		32838FB61A6DDCB600399AE8 /* Frameworks */ = {
			isa = PBXFrameworksBuildPhase;
			buildActionMask = 2147483647;
			files = (
			);
			runOnlyForDeploymentPostprocessing = 0;
		};
/* End PBXFrameworksBuildPhase section */

/* Begin PBXGroup section */
		32838F9B1A6DDCB600399AE8 = {
			isa = PBXGroup;
			children = (
				32838FBC1A6DDCB600399AE8 /* Bounce 1.1Tests */,
				32838FA51A6DDCB600399AE8 /* Products */,
			);
			sourceTree = "<group>";
		};
		32838FA51A6DDCB600399AE8 /* Products */ = {
			isa = PBXGroup;
			children = (
				32838FA41A6DDCB600399AE8 /* Bounce 1.1.app */,
				32838FB91A6DDCB600399AE8 /* Bounce 1.1Tests.xctest */,
			);
			name = Products;
			sourceTree = "<group>";
		};
		32838FBC1A6DDCB600399AE8 /* Bounce 1.1Tests */ = {
			isa = PBXGroup;
			children = (
				32838FBF1A6DDCB600399AE8 /* Bounce_1_1Tests.swift */,
				32838FBD1A6DDCB600399AE8 /* Supporting Files */,
			);
			path = "Bounce 1.1Tests";
			sourceTree = "<group>";
		};
		32838FBD1A6DDCB600399AE8 /* Supporting Files */ = {
			isa = PBXGroup;
			children = (
				32838FBE1A6DDCB600399AE8 /* Info.plist */,
			);
			name = "Supporting Files";
			sourceTree = "<group>";
		};
/* End PBXGroup section */

/* Begin PBXNativeTarget section */
		32838FA31A6DDCB600399AE8 /* Bounce 1.1 */ = {
			isa = PBXNativeTarget;
			buildConfigurationList = 32838FC31A6DDCB600399AE8 /* Build configuration list for PBXNativeTarget "Bounce 1.1" */;
			buildPhases = (
				32838FA01A6DDCB600399AE8 /* Sources */,
				32838FA11A6DDCB600399AE8 /* Frameworks */,
				32838FA21A6DDCB600399AE8 /* Resources */,
			);
			buildRules = (
			);
			dependencies = (
			);
			name = "Bounce 1.1";
			productName = "Bounce 1.1";
			productReference = 32838FA41A6DDCB600399AE8 /* Bounce 1.1.app */;
			productType = "com.apple.product-type.application";
		};
		32838FB81A6DDCB600399AE8 /* Bounce 1.1Tests */ = {
			isa = PBXNativeTarget;
			buildConfigurationList = 32838FC61A6DDCB600399AE8 /* Build configuration list for PBXNativeTarget "Bounce 1.1Tests" */;
			buildPhases = (
				32838FB51A6DDCB600399AE8 /* Sources */,
				32838FB61A6DDCB600399AE8 /* Frameworks */,
				32838FB71A6DDCB600399AE8 /* Resources */,
			);
			buildRules = (
			);
			dependencies = (
				32838FBB1A6DDCB600399AE8 /* PBXTargetDependency */,
			);
			name = "Bounce 1.1Tests";
			productName = "Bounce 1.1Tests";
			productReference = 32838FB91A6DDCB600399AE8 /* Bounce 1.1Tests.xctest */;
			productType = "com.apple.product-type.bundle.unit-test";
		};
/* End PBXNativeTarget section */

/* Begin PBXProject section */
		32838F9C1A6DDCB600399AE8 /* Project object */ = {
			isa = PBXProject;
			attributes = {
				LastUpgradeCheck = 0610;
				ORGANIZATIONNAME = "TJ Littlejohn";
				TargetAttributes = {
					32838FA31A6DDCB600399AE8 = {
						CreatedOnToolsVersion = 6.1.1;
						DevelopmentTeam = KW8RLKUW3C;
					};
					32838FB81A6DDCB600399AE8 = {
						CreatedOnToolsVersion = 6.1.1;
						TestTargetID = 32838FA31A6DDCB600399AE8;
					};
				};
			};
			buildConfigurationList = 32838F9F1A6DDCB600399AE8 /* Build configuration list for PBXProject "Bounce 1.1" */;
			compatibilityVersion = "Xcode 3.2";
			developmentRegion = English;
			hasScannedForEncodings = 0;
			knownRegions = (
				en,
				Base,
			);
			mainGroup = 32838F9B1A6DDCB600399AE8;
			productRefGroup = 32838FA51A6DDCB600399AE8 /* Products */;
			projectDirPath = "";
			projectRoot = "";
			targets = (
				32838FA31A6DDCB600399AE8 /* Bounce 1.1 */,
				32838FB81A6DDCB600399AE8 /* Bounce 1.1Tests */,
			);
		};
/* End PBXProject section */

/* Begin PBXResourcesBuildPhase section */
		32838FA21A6DDCB600399AE8 /* Resources */ = {
			isa = PBXResourcesBuildPhase;
			buildActionMask = 2147483647;
			files = (
			);
			runOnlyForDeploymentPostprocessing = 0;
		};
		32838FB71A6DDCB600399AE8 /* Resources */ = {
			isa = PBXResourcesBuildPhase;
			buildActionMask = 2147483647;
			files = (
			);
			runOnlyForDeploymentPostprocessing = 0;
		};
/* End PBXResourcesBuildPhase section */

/* Begin PBXSourcesBuildPhase section */
		32838FA01A6DDCB600399AE8 /* Sources */ = {
			isa = PBXSourcesBuildPhase;
			buildActionMask = 2147483647;
			files = (
			);
			runOnlyForDeploymentPostprocessing = 0;
		};
		32838FB51A6DDCB600399AE8 /* Sources */ = {
			isa = PBXSourcesBuildPhase;
			buildActionMask = 2147483647;
			files = (
				32838FC01A6DDCB600399AE8 /* Bounce_1_1Tests.swift in Sources */,
			);
			runOnlyForDeploymentPostprocessing = 0;
		};
/* End PBXSourcesBuildPhase section */

/* Begin PBXTargetDependency section */
		32838FBB1A6DDCB600399AE8 /* PBXTargetDependency */ = {
			isa = PBXTargetDependency;
			target = 32838FA31A6DDCB600399AE8 /* Bounce 1.1 */;
			targetProxy = 32838FBA1A6DDCB600399AE8 /* PBXContainerItemProxy */;
		};
/* End PBXTargetDependency section */

/* Begin XCBuildConfiguration section */
		32838FC11A6DDCB600399AE8 /* Debug */ = {
			isa = XCBuildConfiguration;
			buildSettings = {
				ALWAYS_SEARCH_USER_PATHS = NO;
				CLANG_CXX_LANGUAGE_STANDARD = "gnu++0x";
				CLANG_CXX_LIBRARY = "libc++";
				CLANG_ENABLE_MODULES = YES;
				CLANG_ENABLE_OBJC_ARC = YES;
				CLANG_WARN_BOOL_CONVERSION = YES;
				CLANG_WARN_CONSTANT_CONVERSION = YES;
				CLANG_WARN_DIRECT_OBJC_ISA_USAGE = YES_ERROR;
				CLANG_WARN_EMPTY_BODY = YES;
				CLANG_WARN_ENUM_CONVERSION = YES;
				CLANG_WARN_INT_CONVERSION = YES;
				CLANG_WARN_OBJC_ROOT_CLASS = YES_ERROR;
				CLANG_WARN_UNREACHABLE_CODE = YES;
				CLANG_WARN__DUPLICATE_METHOD_MATCH = YES;
				"CODE_SIGN_IDENTITY[sdk=iphoneos*]" = "iPhone Developer";
				COPY_PHASE_STRIP = NO;
				ENABLE_STRICT_OBJC_MSGSEND = YES;
				GCC_C_LANGUAGE_STANDARD = gnu99;
				GCC_DYNAMIC_NO_PIC = NO;
				GCC_OPTIMIZATION_LEVEL = 0;
				GCC_PREPROCESSOR_DEFINITIONS = (
					"DEBUG=1",
					"$(inherited)",
				);
				GCC_SYMBOLS_PRIVATE_EXTERN = NO;
				GCC_WARN_64_TO_32_BIT_CONVERSION = YES;
				GCC_WARN_ABOUT_RETURN_TYPE = YES_ERROR;
				GCC_WARN_UNDECLARED_SELECTOR = YES;
				GCC_WARN_UNINITIALIZED_AUTOS = YES_AGGRESSIVE;
				GCC_WARN_UNUSED_FUNCTION = YES;
				GCC_WARN_UNUSED_VARIABLE = YES;
				IPHONEOS_DEPLOYMENT_TARGET = 8.1;
				MTL_ENABLE_DEBUG_INFO = YES;
				ONLY_ACTIVE_ARCH = YES;
				SDKROOT = iphoneos;
				SWIFT_OPTIMIZATION_LEVEL = "-Onone";
			};
			name = Debug;
		};
		32838FC21A6DDCB600399AE8 /* Release */ = {
			isa = XCBuildConfiguration;
			buildSettings = {
				ALWAYS_SEARCH_USER_PATHS = NO;
				CLANG_CXX_LANGUAGE_STANDARD = "gnu++0x";
				CLANG_CXX_LIBRARY = "libc++";
				CLANG_ENABLE_MODULES = YES;
				CLANG_ENABLE_OBJC_ARC = YES;
				CLANG_WARN_BOOL_CONVERSION = YES;
				CLANG_WARN_CONSTANT_CONVERSION = YES;
				CLANG_WARN_DIRECT_OBJC_ISA_USAGE = YES_ERROR;
				CLANG_WARN_EMPTY_BODY = YES;
				CLANG_WARN_ENUM_CONVERSION = YES;
				CLANG_WARN_INT_CONVERSION = YES;
				CLANG_WARN_OBJC_ROOT_CLASS = YES_ERROR;
				CLANG_WARN_UNREACHABLE_CODE = YES;
				CLANG_WARN__DUPLICATE_METHOD_MATCH = YES;
				"CODE_SIGN_IDENTITY[sdk=iphoneos*]" = "iPhone Developer";
				COPY_PHASE_STRIP = YES;
				ENABLE_NS_ASSERTIONS = NO;
				ENABLE_STRICT_OBJC_MSGSEND = YES;
				GCC_C_LANGUAGE_STANDARD = gnu99;
				GCC_WARN_64_TO_32_BIT_CONVERSION = YES;
				GCC_WARN_ABOUT_RETURN_TYPE = YES_ERROR;
				GCC_WARN_UNDECLARED_SELECTOR = YES;
				GCC_WARN_UNINITIALIZED_AUTOS = YES_AGGRESSIVE;
				GCC_WARN_UNUSED_FUNCTION = YES;
				GCC_WARN_UNUSED_VARIABLE = YES;
				IPHONEOS_DEPLOYMENT_TARGET = 8.1;
				MTL_ENABLE_DEBUG_INFO = NO;
				SDKROOT = iphoneos;
				VALIDATE_PRODUCT = YES;
			};
			name = Release;
		};
		32838FC41A6DDCB600399AE8 /* Debug */ = {
			isa = XCBuildConfiguration;
			buildSettings = {
				ASSETCATALOG_COMPILER_APPICON_NAME = AppIcon;
				INFOPLIST_FILE = "Bounce 1.1/Info.plist";
				LD_RUNPATH_SEARCH_PATHS = "$(inherited) @executable_path/Frameworks";
				PRODUCT_NAME = "$(TARGET_NAME)";
			};
			name = Debug;
		};
		32838FC51A6DDCB600399AE8 /* Release */ = {
			isa = XCBuildConfiguration;
			buildSettings = {
				ASSETCATALOG_COMPILER_APPICON_NAME = AppIcon;
				INFOPLIST_FILE = "Bounce 1.1/Info.plist";
				LD_RUNPATH_SEARCH_PATHS = "$(inherited) @executable_path/Frameworks";
				PRODUCT_NAME = "$(TARGET_NAME)";
			};
			name = Release;
		};
		32838FC71A6DDCB600399AE8 /* Debug */ = {
			isa = XCBuildConfiguration;
			buildSettings = {
				BUNDLE_LOADER = "$(TEST_HOST)";
				FRAMEWORK_SEARCH_PATHS = (
					"$(SDKROOT)/Developer/Library/Frameworks",
					"$(inherited)",
				);
				GCC_PREPROCESSOR_DEFINITIONS = (
					"DEBUG=1",
					"$(inherited)",
				);
				INFOPLIST_FILE = "Bounce 1.1Tests/Info.plist";
				LD_RUNPATH_SEARCH_PATHS = "$(inherited) @executable_path/Frameworks @loader_path/Frameworks";
				PRODUCT_NAME = "$(TARGET_NAME)";
				TEST_HOST = "$(BUILT_PRODUCTS_DIR)/Bounce 1.1.app/Bounce 1.1";
			};
			name = Debug;
		};
		32838FC81A6DDCB600399AE8 /* Release */ = {
			isa = XCBuildConfiguration;
			buildSettings = {
				BUNDLE_LOADER = "$(TEST_HOST)";
				FRAMEWORK_SEARCH_PATHS = (
					"$(SDKROOT)/Developer/Library/Frameworks",
					"$(inherited)",
				);
				INFOPLIST_FILE = "Bounce 1.1Tests/Info.plist";
				LD_RUNPATH_SEARCH_PATHS = "$(inherited) @executable_path/Frameworks @loader_path/Frameworks";
				PRODUCT_NAME = "$(TARGET_NAME)";
				TEST_HOST = "$(BUILT_PRODUCTS_DIR)/Bounce 1.1.app/Bounce 1.1";
			};
			name = Release;
		};
/* End XCBuildConfiguration section */

/* Begin XCConfigurationList section */
		32838F9F1A6DDCB600399AE8 /* Build configuration list for PBXProject "Bounce 1.1" */ = {
			isa = XCConfigurationList;
			buildConfigurations = (
				32838FC11A6DDCB600399AE8 /* Debug */,
				32838FC21A6DDCB600399AE8 /* Release */,
			);
			defaultConfigurationIsVisible = 0;
			defaultConfigurationName = Release;
		};
		32838FC31A6DDCB600399AE8 /* Build configuration list for PBXNativeTarget "Bounce 1.1" */ = {
			isa = XCConfigurationList;
			buildConfigurations = (
				32838FC41A6DDCB600399AE8 /* Debug */,
				32838FC51A6DDCB600399AE8 /* Release */,
			);
			defaultConfigurationIsVisible = 0;
			defaultConfigurationName = Release;
		};
		32838FC61A6DDCB600399AE8 /* Build configuration list for PBXNativeTarget "Bounce 1.1Tests" */ = {
			isa = XCConfigurationList;
			buildConfigurations = (
				32838FC71A6DDCB600399AE8 /* Debug */,
				32838FC81A6DDCB600399AE8 /* Release */,
			);
			defaultConfigurationIsVisible = 0;
			defaultConfigurationName = Release;
		};
/* End XCConfigurationList section */
	};
	rootObject = 32838F9C1A6DDCB600399AE8 /* Project object */;
}
